
Microsoft Visual Studio Solution File, Format Version 12.00
# Visual Studio Version 17
VisualStudioVersion = 17.8.34322.80
MinimumVisualStudioVersion = 10.0.40219.1
Project("{FAE04EC0-301F-11D3-BF4B-00C04F79EFBC}") = "AppVolunTrack", "AppVolunTrack.csproj", "{7354E33B-B5AB-4F2F-95E6-115C5032E955}"
EndProject
Global
	GlobalSection(SolutionConfigurationPlatforms) = preSolution
		Debug|Any CPU = Debug|Any CPU
		Release|Any CPU = Release|Any CPU
	EndGlobalSection
	GlobalSection(ProjectConfigurationPlatforms) = postSolution
		{7354E33B-B5AB-4F2F-95E6-115C5032E955}.Debug|Any CPU.ActiveCfg = Debug|Any CPU
		{7354E33B-B5AB-4F2F-95E6-115C5032E955}.Debug|Any CPU.Build.0 = Debug|Any CPU
		{7354E33B-B5AB-4F2F-95E6-115C5032E955}.Debug|Any CPU.Deploy.0 = Debug|Any CPU
		{7354E33B-B5AB-4F2F-95E6-115C5032E955}.Release|Any CPU.ActiveCfg = Release|Any CPU
		{7354E33B-B5AB-4F2F-95E6-115C5032E955}.Release|Any CPU.Build.0 = Release|Any CPU
		{7354E33B-B5AB-4F2F-95E6-115C5032E955}.Release|Any CPU.Deploy.0 = Release|Any CPU
	EndGlobalSection
	GlobalSection(SolutionProperties) = preSolution
		HideSolutionNode = FALSE
	EndGlobalSection
	GlobalSection(ExtensibilityGlobals) = postSolution
		SolutionGuid = {8C360790-DD95-41BF-8A7E-0ED90B79800D}
	EndGlobalSection
EndGlobal
